
Microsoft Visual Studio Solution File, Format Version 12.00
# Visual Studio Version 17
VisualStudioVersion = 17.6.33829.357
MinimumVisualStudioVersion = 10.0.40219.1
Project("{9A19103F-16F7-4668-BE54-9A1E7A4F7556}") = "Entities", "Entities\Entities.csproj", "{00BD386C-56F9-45EF-97A9-0BAF6598AD22}"
EndProject
Project("{9A19103F-16F7-4668-BE54-9A1E7A4F7556}") = "DataAcsess", "DataAcsess\DataAcsess.csproj", "{E60742FD-063D-4D7F-A853-C206E8C47B44}"
EndProject
Project("{9A19103F-16F7-4668-BE54-9A1E7A4F7556}") = "Busines", "Busines\Busines.csproj", "{2456B8E2-C40F-4971-945B-D57C770CC3CB}"
EndProject
Project("{9A19103F-16F7-4668-BE54-9A1E7A4F7556}") = "ConsoleUI", "ConsoleUI\ConsoleUI.csproj", "{6B4F2487-9EC4-45CE-89A9-4D2761E0D2B2}"
EndProject
Project("{9A19103F-16F7-4668-BE54-9A1E7A4F7556}") = "Core", "Core\Core.csproj", "{2BA5D877-AF3F-4D40-A337-87112DB7E620}"
EndProject
Project("{FAE04EC0-301F-11D3-BF4B-00C04F79EFBC}") = "WebApplication3", "WebApplication3\WebApplication3.csproj", "{9E0B7F19-7765-4BF0-93BB-6DD666C0CC2F}"
EndProject
Global
	GlobalSection(SolutionConfigurationPlatforms) = preSolution
		Debug|Any CPU = Debug|Any CPU
		Release|Any CPU = Release|Any CPU
	EndGlobalSection
	GlobalSection(ProjectConfigurationPlatforms) = postSolution
		{00BD386C-56F9-45EF-97A9-0BAF6598AD22}.Debug|Any CPU.ActiveCfg = Debug|Any CPU
		{00BD386C-56F9-45EF-97A9-0BAF6598AD22}.Debug|Any CPU.Build.0 = Debug|Any CPU
		{00BD386C-56F9-45EF-97A9-0BAF6598AD22}.Release|Any CPU.ActiveCfg = Release|Any CPU
		{00BD386C-56F9-45EF-97A9-0BAF6598AD22}.Release|Any CPU.Build.0 = Release|Any CPU
		{E60742FD-063D-4D7F-A853-C206E8C47B44}.Debug|Any CPU.ActiveCfg = Debug|Any CPU
		{E60742FD-063D-4D7F-A853-C206E8C47B44}.Debug|Any CPU.Build.0 = Debug|Any CPU
		{E60742FD-063D-4D7F-A853-C206E8C47B44}.Release|Any CPU.ActiveCfg = Release|Any CPU
		{E60742FD-063D-4D7F-A853-C206E8C47B44}.Release|Any CPU.Build.0 = Release|Any CPU
		{2456B8E2-C40F-4971-945B-D57C770CC3CB}.Debug|Any CPU.ActiveCfg = Debug|Any CPU
		{2456B8E2-C40F-4971-945B-D57C770CC3CB}.Debug|Any CPU.Build.0 = Debug|Any CPU
		{2456B8E2-C40F-4971-945B-D57C770CC3CB}.Release|Any CPU.ActiveCfg = Release|Any CPU
		{2456B8E2-C40F-4971-945B-D57C770CC3CB}.Release|Any CPU.Build.0 = Release|Any CPU
		{6B4F2487-9EC4-45CE-89A9-4D2761E0D2B2}.Debug|Any CPU.ActiveCfg = Debug|Any CPU
		{6B4F2487-9EC4-45CE-89A9-4D2761E0D2B2}.Debug|Any CPU.Build.0 = Debug|Any CPU
		{6B4F2487-9EC4-45CE-89A9-4D2761E0D2B2}.Release|Any CPU.ActiveCfg = Release|Any CPU
		{6B4F2487-9EC4-45CE-89A9-4D2761E0D2B2}.Release|Any CPU.Build.0 = Release|Any CPU
		{2BA5D877-AF3F-4D40-A337-87112DB7E620}.Debug|Any CPU.ActiveCfg = Debug|Any CPU
		{2BA5D877-AF3F-4D40-A337-87112DB7E620}.Debug|Any CPU.Build.0 = Debug|Any CPU
		{2BA5D877-AF3F-4D40-A337-87112DB7E620}.Release|Any CPU.ActiveCfg = Release|Any CPU
		{2BA5D877-AF3F-4D40-A337-87112DB7E620}.Release|Any CPU.Build.0 = Release|Any CPU
		{9E0B7F19-7765-4BF0-93BB-6DD666C0CC2F}.Debug|Any CPU.ActiveCfg = Debug|Any CPU
		{9E0B7F19-7765-4BF0-93BB-6DD666C0CC2F}.Debug|Any CPU.Build.0 = Debug|Any CPU
		{9E0B7F19-7765-4BF0-93BB-6DD666C0CC2F}.Release|Any CPU.ActiveCfg = Release|Any CPU
		{9E0B7F19-7765-4BF0-93BB-6DD666C0CC2F}.Release|Any CPU.Build.0 = Release|Any CPU
	EndGlobalSection
	GlobalSection(SolutionProperties) = preSolution
		HideSolutionNode = FALSE
	EndGlobalSection
	GlobalSection(ExtensibilityGlobals) = postSolution
		SolutionGuid = {7B14FF4C-34EE-482D-B963-DE9AD2DC9614}
	EndGlobalSection
EndGlobal
